<?xml version="1.0" encoding="UTF-8"?>
<Scheme
   version = "1.3">
   <BuildAction>
      <BuildActionEntries>
         <BuildActionEntry
            buildForRunning = "YES">
            <BuildableReference
               BuildableIdentifier = "primary"
               BlueprintIdentifier = "9D7701C02600832C00C121C5"
               BuildableName = "SwiftUITutorials.app"
               BlueprintName = "SwiftUITutorials"
               ReferencedContainer = "container:SwiftUITutorials.xcodeproj">
            </BuildableReference>
         </BuildActionEntry>
      </BuildActionEntries>
   </BuildAction>
   <LaunchAction
      useCustomWorkingDirectory = "NO"
      buildConfiguration = "Debug"
      allowLocationSimulation = "YES">
      <BuildableProductRunnable>
         <BuildableReference
            BuildableIdentifier = "primary"
            BlueprintIdentifier = "9D7701C02600832C00C121C5"
            BuildableName = "SwiftUITutorials.app"
            BlueprintName = "SwiftUITutorials"
            ReferencedContainer = "container:SwiftUITutorials.xcodeproj">
         </BuildableReference>
      </BuildableProductRunnable>
   </LaunchAction>
</Scheme>
